
Microsoft Visual Studio Solution File, Format Version 12.00
# Visual Studio Version 16
VisualStudioVersion = 16.0.30225.117
MinimumVisualStudioVersion = 10.0.40219.1
Project("{9A19103F-16F7-4668-BE54-9A1E7A4F7556}") = "News", "News\News.csproj", "{12749DB6-296D-4EB5-83C6-3D61D8A53594}"
EndProject
Project("{2150E333-8FDC-42A3-9474-1A3956D46DE8}") = "Solution Items", "Solution Items", "{1F7DF50F-A947-4BA7-A91F-0429679D2761}"
	ProjectSection(SolutionItems) = preProject
		README.md = README.md
	EndProjectSection
EndProject
Project("{9A19103F-16F7-4668-BE54-9A1E7A4F7556}") = "NewsData", "NewsData\NewsData.csproj", "{705E40BD-E29A-4FFA-86DA-8DFA3A5A2EC0}"
EndProject
Project("{9A19103F-16F7-4668-BE54-9A1E7A4F7556}") = "NewsApplication", "NewsApplication\NewsApplication.csproj", "{3D480308-5356-4CCF-AF35-8B912C61694D}"
EndProject
Project("{FAE04EC0-301F-11D3-BF4B-00C04F79EFBC}") = "News.Utilities", "News.Utilities\News.Utilities.csproj", "{B78DEC6B-EE13-47BB-8E96-10FD46134A25}"
EndProject
Global
	GlobalSection(SolutionConfigurationPlatforms) = preSolution
		Debug|Any CPU = Debug|Any CPU
		Release|Any CPU = Release|Any CPU
	EndGlobalSection
	GlobalSection(ProjectConfigurationPlatforms) = postSolution
		{12749DB6-296D-4EB5-83C6-3D61D8A53594}.Debug|Any CPU.ActiveCfg = Debug|Any CPU
		{12749DB6-296D-4EB5-83C6-3D61D8A53594}.Debug|Any CPU.Build.0 = Debug|Any CPU
		{12749DB6-296D-4EB5-83C6-3D61D8A53594}.Release|Any CPU.ActiveCfg = Release|Any CPU
		{12749DB6-296D-4EB5-83C6-3D61D8A53594}.Release|Any CPU.Build.0 = Release|Any CPU
		{705E40BD-E29A-4FFA-86DA-8DFA3A5A2EC0}.Debug|Any CPU.ActiveCfg = Debug|Any CPU
		{705E40BD-E29A-4FFA-86DA-8DFA3A5A2EC0}.Debug|Any CPU.Build.0 = Debug|Any CPU
		{705E40BD-E29A-4FFA-86DA-8DFA3A5A2EC0}.Release|Any CPU.ActiveCfg = Release|Any CPU
		{705E40BD-E29A-4FFA-86DA-8DFA3A5A2EC0}.Release|Any CPU.Build.0 = Release|Any CPU
		{3D480308-5356-4CCF-AF35-8B912C61694D}.Debug|Any CPU.ActiveCfg = Debug|Any CPU
		{3D480308-5356-4CCF-AF35-8B912C61694D}.Debug|Any CPU.Build.0 = Debug|Any CPU
		{3D480308-5356-4CCF-AF35-8B912C61694D}.Release|Any CPU.ActiveCfg = Release|Any CPU
		{3D480308-5356-4CCF-AF35-8B912C61694D}.Release|Any CPU.Build.0 = Release|Any CPU
		{B78DEC6B-EE13-47BB-8E96-10FD46134A25}.Debug|Any CPU.ActiveCfg = Debug|Any CPU
		{B78DEC6B-EE13-47BB-8E96-10FD46134A25}.Debug|Any CPU.Build.0 = Debug|Any CPU
		{B78DEC6B-EE13-47BB-8E96-10FD46134A25}.Release|Any CPU.ActiveCfg = Release|Any CPU
		{B78DEC6B-EE13-47BB-8E96-10FD46134A25}.Release|Any CPU.Build.0 = Release|Any CPU
	EndGlobalSection
	GlobalSection(SolutionProperties) = preSolution
		HideSolutionNode = FALSE
	EndGlobalSection
	GlobalSection(ExtensibilityGlobals) = postSolution
		SolutionGuid = {37C6FC77-8614-44D8-B56C-80382A47462D}
	EndGlobalSection
EndGlobal
